
Microsoft Visual Studio Solution File, Format Version 12.00
# Visual Studio 14
VisualStudioVersion = 14.0.25420.1
MinimumVisualStudioVersion = 10.0.40219.1
Project("{888888A0-9F3D-457C-B088-3A5042F75D52}") = "PythonApplication1", "PythonApplication1\PythonApplication1.pyproj", "{4A4043B3-BB9B-4249-935B-6493EB615995}"
EndProject
Project("{2150E333-8FDC-42A3-9474-1A3956D46DE8}") = "data", "data", "{CCFB7C14-EA30-423C-A088-EFD75B3C7FEC}"
EndProject
Project("{2150E333-8FDC-42A3-9474-1A3956D46DE8}") = "walkons", "walkons", "{543C6F91-E592-43C0-8A45-08FA4AF2E602}"
EndProject
Project("{2150E333-8FDC-42A3-9474-1A3956D46DE8}") = "ids", "ids", "{892CF131-2689-4B4B-821E-C93E956D9BFB}"
EndProject
Global
	GlobalSection(SolutionConfigurationPlatforms) = preSolution
		Debug|Any CPU = Debug|Any CPU
		Release|Any CPU = Release|Any CPU
	EndGlobalSection
	GlobalSection(ProjectConfigurationPlatforms) = postSolution
		{4A4043B3-BB9B-4249-935B-6493EB615995}.Debug|Any CPU.ActiveCfg = Debug|Any CPU
		{4A4043B3-BB9B-4249-935B-6493EB615995}.Release|Any CPU.ActiveCfg = Release|Any CPU
	EndGlobalSection
	GlobalSection(SolutionProperties) = preSolution
		HideSolutionNode = FALSE
	EndGlobalSection
	GlobalSection(NestedProjects) = preSolution
		{543C6F91-E592-43C0-8A45-08FA4AF2E602} = {CCFB7C14-EA30-423C-A088-EFD75B3C7FEC}
		{892CF131-2689-4B4B-821E-C93E956D9BFB} = {CCFB7C14-EA30-423C-A088-EFD75B3C7FEC}
	EndGlobalSection
EndGlobal
